
Microsoft Visual Studio Solution File, Format Version 12.00
# Visual Studio Version 17
VisualStudioVersion = 17.13.35931.197
MinimumVisualStudioVersion = 10.0.40219.1
Project("{FAE04EC0-301F-11D3-BF4B-00C04F79EFBC}") = "Sayarah.Core", "Sayarah.Core\Sayarah.Core.csproj", "{606500A6-5824-4920-8613-527B2EB254F5}"
EndProject
Project("{FAE04EC0-301F-11D3-BF4B-00C04F79EFBC}") = "Sayarah.EntityFramework", "Sayarah.EntityFramework\Sayarah.EntityFramework.csproj", "{B3059EEF-34F0-EC5A-E964-D0A9894E2A9C}"
EndProject
Global
	GlobalSection(SolutionConfigurationPlatforms) = preSolution
		Debug|Any CPU = Debug|Any CPU
		Release|Any CPU = Release|Any CPU
	EndGlobalSection
	GlobalSection(ProjectConfigurationPlatforms) = postSolution
		{606500A6-5824-4920-8613-527B2EB254F5}.Debug|Any CPU.ActiveCfg = Debug|Any CPU
		{606500A6-5824-4920-8613-527B2EB254F5}.Debug|Any CPU.Build.0 = Debug|Any CPU
		{606500A6-5824-4920-8613-527B2EB254F5}.Release|Any CPU.ActiveCfg = Release|Any CPU
		{606500A6-5824-4920-8613-527B2EB254F5}.Release|Any CPU.Build.0 = Release|Any CPU
		{B3059EEF-34F0-EC5A-E964-D0A9894E2A9C}.Debug|Any CPU.ActiveCfg = Debug|Any CPU
		{B3059EEF-34F0-EC5A-E964-D0A9894E2A9C}.Debug|Any CPU.Build.0 = Debug|Any CPU
		{B3059EEF-34F0-EC5A-E964-D0A9894E2A9C}.Release|Any CPU.ActiveCfg = Release|Any CPU
		{B3059EEF-34F0-EC5A-E964-D0A9894E2A9C}.Release|Any CPU.Build.0 = Release|Any CPU
	EndGlobalSection
	GlobalSection(SolutionProperties) = preSolution
		HideSolutionNode = FALSE
	EndGlobalSection
	GlobalSection(ExtensibilityGlobals) = postSolution
		SolutionGuid = {BB1EB8F3-78D3-4167-AA2F-2CEF7A358FDA}
	EndGlobalSection
EndGlobal
